<?xml version="1.0" encoding="utf-8"?>
<Project ToolsVersion="4.0" xmlns="http://schemas.microsoft.com/developer/msbuild/2003">
  <ItemGroup>
    <Filter Include="Файлы заголовков">
      <UniqueIdentifier>{93995380-89BD-4b04-88EB-625FBE52EBFB}</UniqueIdentifier>
      <Extensions>h;hh;hpp;hxx;h++;hm;inl;inc;ipp;xsd</Extensions>
    </Filter>
    <Filter Include="Файлы ресурсов">
      <UniqueIdentifier>{67DA6AB6-F800-4c08-8B7A-83BB121AAD01}</UniqueIdentifier>
      <Extensions>rc;ico;cur;bmp;dlg;rc2;rct;bin;rgs;gif;jpg;jpeg;jpe;resx;tiff;tif;png;wav;mfcribbon-ms</Extensions>
    </Filter>
    <Filter Include="Core">
      <UniqueIdentifier>{2f45eb8e-12d3-455f-85b2-61bc1f3efdfd}</UniqueIdentifier>
    </Filter>
    <Filter Include="Graphics">
      <UniqueIdentifier>{d8c87b4c-83be-49ec-9087-73315417932c}</UniqueIdentifier>
    </Filter>
    <Filter Include="Graphics\D3D11">
      <UniqueIdentifier>{9a21098c-c98d-4a64-9168-34bd5716284c}</UniqueIdentifier>
    </Filter>
    <Filter Include="Actors">
      <UniqueIdentifier>{81810812-ad89-48fe-8be9-25cf63cb28c8}</UniqueIdentifier>
    </Filter>
    <Filter Include="Utilities">
      <UniqueIdentifier>{9cec6142-9a02-4107-95be-5fba89403dd9}</UniqueIdentifier>
    </Filter>
    <Filter Include="ResourceCache">
      <UniqueIdentifier>{a7a41cfc-2d76-46f1-bebb-7381076d5882}</UniqueIdentifier>
    </Filter>
    <Filter Include="Actors\Components">
      <UniqueIdentifier>{37e43d14-7b7d-49dd-a873-387a1407743a}</UniqueIdentifier>
    </Filter>
  </ItemGroup>
  <ItemGroup>
    <ClInclude Include="MegaEngineStd.h" />
    <ClInclude Include="framework.h">
      <Filter>Файлы заголовков</Filter>
    </ClInclude>
    <ClInclude Include="MegaEngine_2022.h">
      <Filter>Файлы заголовков</Filter>
    </ClInclude>
    <ClInclude Include="Resource.h">
      <Filter>Файлы заголовков</Filter>
    </ClInclude>
    <ClInclude Include="targetver.h">
      <Filter>Файлы заголовков</Filter>
    </ClInclude>
    <ClInclude Include="..\Core\EngineApp.h">
      <Filter>Core</Filter>
    </ClInclude>
    <ClInclude Include="..\Core\Interfaces.h">
      <Filter>Core</Filter>
    </ClInclude>
    <ClInclude Include="..\Core\Initialization.h">
      <Filter>Core</Filter>
    </ClInclude>
    <ClInclude Include="..\Core\BaseGameLogic.h">
      <Filter>Core</Filter>
    </ClInclude>
    <ClInclude Include="..\Graphics\Interfaces.h">
      <Filter>Graphics</Filter>
    </ClInclude>
    <ClInclude Include="..\Graphics\D3D11\Directx11Renderer.h">
      <Filter>Graphics\D3D11</Filter>
    </ClInclude>
    <ClInclude Include="..\Actors\ActorFactory.h">
      <Filter>Actors</Filter>
    </ClInclude>
    <ClInclude Include="..\Actors\Actor.h">
      <Filter>Actors</Filter>
    </ClInclude>
    <ClInclude Include="..\Actors\ActorComponent.h">
      <Filter>Actors</Filter>
    </ClInclude>
    <ClInclude Include="..\Utilities\Math.h">
      <Filter>Utilities</Filter>
    </ClInclude>
    <ClInclude Include="..\Utilities\Math.inl">
      <Filter>Файлы заголовков</Filter>
    </ClInclude>
    <ClInclude Include="..\ResourceCache\ZipFile.h">
      <Filter>ResourceCache</Filter>
    </ClInclude>
    <ClInclude Include="..\ResourceCache\ResCache.h">
      <Filter>Файлы заголовков</Filter>
    </ClInclude>
    <ClInclude Include="..\Actors\Components\SampleComponent.h">
      <Filter>Actors\Components</Filter>
    </ClInclude>
  </ItemGroup>
  <ItemGroup>
    <ClCompile Include="MegaGameStd.cpp" />
    <ClCompile Include="..\Core\EngineApp.cpp">
      <Filter>Core</Filter>
    </ClCompile>
    <ClCompile Include="..\Core\BaseGameLogic.cpp">
      <Filter>Core</Filter>
    </ClCompile>
    <ClCompile Include="..\Graphics\D3D11\Directx11Renderer.cpp">
      <Filter>Graphics\D3D11</Filter>
    </ClCompile>
    <ClCompile Include="..\Core\MegaEngine.cpp">
      <Filter>Core</Filter>
    </ClCompile>
    <ClCompile Include="..\Core\Initialization.cpp">
      <Filter>Core</Filter>
    </ClCompile>
    <ClCompile Include="..\Actors\ActorFactory.cpp">
      <Filter>Actors</Filter>
    </ClCompile>
    <ClCompile Include="..\Actors\Actor.cpp">
      <Filter>Actors</Filter>
    </ClCompile>
    <ClCompile Include="..\Actors\ActorComponent.cpp">
      <Filter>Actors</Filter>
    </ClCompile>
    <ClCompile Include="..\Utilities\Math.cpp">
      <Filter>Utilities</Filter>
    </ClCompile>
    <ClCompile Include="..\ResourceCache\ZipFile.cpp">
      <Filter>ResourceCache</Filter>
    </ClCompile>
    <ClCompile Include="..\Actors\Components\SampleComponent.cpp">
      <Filter>Actors\Components</Filter>
    </ClCompile>
  </ItemGroup>
  <ItemGroup>
    <ResourceCompile Include="MegaEngine_2022.rc">
      <Filter>Файлы ресурсов</Filter>
    </ResourceCompile>
  </ItemGroup>
  <ItemGroup>
    <Image Include="small.ico">
      <Filter>Файлы ресурсов</Filter>
    </Image>
    <Image Include="MegaEngine_2022.ico">
      <Filter>Файлы ресурсов</Filter>
    </Image>
  </ItemGroup>
</Project>